
Microsoft Visual Studio Solution File, Format Version 12.00
Project("{FAE04EC0-301F-11D3-BF4B-00C04F79EFBC}") = "ShuntingYard", "ShuntingYard\ShuntingYard.csproj", "{73E3EFAD-B783-4878-8009-06126988F297}"
EndProject
Project("{FAE04EC0-301F-11D3-BF4B-00C04F79EFBC}") = "ShuntingYard.Tests", "ShuntingYard.Tests\ShuntingYard.Tests.csproj", "{F4050EF1-763B-42BF-903D-4D6995A9DE59}"
EndProject
Project("{2150E333-8FDC-42A3-9474-1A3956D46DE8}") = "Solution Items", "Solution Items", "{A772A5CA-D392-44AB-9F27-7A12D6121373}"
	ProjectSection(SolutionItems) = preProject
		readme.md = readme.md
	EndProjectSection
EndProject
Project("{2150E333-8FDC-42A3-9474-1A3956D46DE8}") = "workflows", "workflows", "{89A85D97-3491-4B49-B36F-454A1CFA48DB}"
	ProjectSection(SolutionItems) = preProject
		.github\workflows\common\action.yml = .github\workflows\common\action.yml
		.github\workflows\pipeline.yml = .github\workflows\pipeline.yml
	EndProjectSection
EndProject
Project("{FAE04EC0-301F-11D3-BF4B-00C04F79EFBC}") = "DataStructures", "DataStructures\DataStructures.csproj", "{F592BD33-6A8A-4D12-B993-EEA3D04FF5D2}"
EndProject
Project("{FAE04EC0-301F-11D3-BF4B-00C04F79EFBC}") = "DataStructures.Tests", "DataStructures.Tests\DataStructures.Tests.csproj", "{884BEA36-1679-4D74-95D7-7852DED6DEF6}"
EndProject
Project("{2150E333-8FDC-42A3-9474-1A3956D46DE8}") = ".github", ".github", "{983AF995-1058-4746-9064-B800D4591BCD}"
	ProjectSection(SolutionItems) = preProject
		.github\CODEOWNERS = .github\CODEOWNERS
		.github\dependabot.yml = .github\dependabot.yml
	EndProjectSection
EndProject
Project("{FAE04EC0-301F-11D3-BF4B-00C04F79EFBC}") = "PathSearch", "PathSearch\PathSearch.csproj", "{D2780C92-4A67-4EDB-A3B3-9443125C8261}"
EndProject
Project("{FAE04EC0-301F-11D3-BF4B-00C04F79EFBC}") = "Huffman", "Huffman\Huffman.csproj", "{E5BBD7FB-93FB-4E15-B195-656AB49200BD}"
EndProject
Global
	GlobalSection(SolutionConfigurationPlatforms) = preSolution
		Debug|Any CPU = Debug|Any CPU
		Release|Any CPU = Release|Any CPU
	EndGlobalSection
	GlobalSection(ProjectConfigurationPlatforms) = postSolution
		{73E3EFAD-B783-4878-8009-06126988F297}.Debug|Any CPU.ActiveCfg = Debug|Any CPU
		{73E3EFAD-B783-4878-8009-06126988F297}.Debug|Any CPU.Build.0 = Debug|Any CPU
		{73E3EFAD-B783-4878-8009-06126988F297}.Release|Any CPU.ActiveCfg = Release|Any CPU
		{73E3EFAD-B783-4878-8009-06126988F297}.Release|Any CPU.Build.0 = Release|Any CPU
		{F4050EF1-763B-42BF-903D-4D6995A9DE59}.Debug|Any CPU.ActiveCfg = Debug|Any CPU
		{F4050EF1-763B-42BF-903D-4D6995A9DE59}.Debug|Any CPU.Build.0 = Debug|Any CPU
		{F4050EF1-763B-42BF-903D-4D6995A9DE59}.Release|Any CPU.ActiveCfg = Release|Any CPU
		{F4050EF1-763B-42BF-903D-4D6995A9DE59}.Release|Any CPU.Build.0 = Release|Any CPU
		{F592BD33-6A8A-4D12-B993-EEA3D04FF5D2}.Debug|Any CPU.ActiveCfg = Debug|Any CPU
		{F592BD33-6A8A-4D12-B993-EEA3D04FF5D2}.Debug|Any CPU.Build.0 = Debug|Any CPU
		{F592BD33-6A8A-4D12-B993-EEA3D04FF5D2}.Release|Any CPU.ActiveCfg = Release|Any CPU
		{F592BD33-6A8A-4D12-B993-EEA3D04FF5D2}.Release|Any CPU.Build.0 = Release|Any CPU
		{884BEA36-1679-4D74-95D7-7852DED6DEF6}.Debug|Any CPU.ActiveCfg = Debug|Any CPU
		{884BEA36-1679-4D74-95D7-7852DED6DEF6}.Debug|Any CPU.Build.0 = Debug|Any CPU
		{884BEA36-1679-4D74-95D7-7852DED6DEF6}.Release|Any CPU.ActiveCfg = Release|Any CPU
		{884BEA36-1679-4D74-95D7-7852DED6DEF6}.Release|Any CPU.Build.0 = Release|Any CPU
		{D2780C92-4A67-4EDB-A3B3-9443125C8261}.Debug|Any CPU.ActiveCfg = Debug|Any CPU
		{D2780C92-4A67-4EDB-A3B3-9443125C8261}.Debug|Any CPU.Build.0 = Debug|Any CPU
		{D2780C92-4A67-4EDB-A3B3-9443125C8261}.Release|Any CPU.ActiveCfg = Release|Any CPU
		{D2780C92-4A67-4EDB-A3B3-9443125C8261}.Release|Any CPU.Build.0 = Release|Any CPU
		{E5BBD7FB-93FB-4E15-B195-656AB49200BD}.Debug|Any CPU.ActiveCfg = Debug|Any CPU
		{E5BBD7FB-93FB-4E15-B195-656AB49200BD}.Debug|Any CPU.Build.0 = Debug|Any CPU
		{E5BBD7FB-93FB-4E15-B195-656AB49200BD}.Release|Any CPU.ActiveCfg = Release|Any CPU
		{E5BBD7FB-93FB-4E15-B195-656AB49200BD}.Release|Any CPU.Build.0 = Release|Any CPU
	EndGlobalSection
	GlobalSection(NestedProjects) = preSolution
		{983AF995-1058-4746-9064-B800D4591BCD} = {A772A5CA-D392-44AB-9F27-7A12D6121373}
		{89A85D97-3491-4B49-B36F-454A1CFA48DB} = {983AF995-1058-4746-9064-B800D4591BCD}
	EndGlobalSection
EndGlobal
